
Microsoft Visual Studio Solution File, Format Version 12.00
# Visual Studio Version 17
VisualStudioVersion = 17.6.33815.320
MinimumVisualStudioVersion = 10.0.40219.1
Project("{FAE04EC0-301F-11D3-BF4B-00C04F79EFBC}") = "BTLap03.2Cshap", "BTLap03.2Cshap.csproj", "{5678E0ED-3B57-43EE-BC96-7D1D2CF9EFEE}"
EndProject
Global
	GlobalSection(SolutionConfigurationPlatforms) = preSolution
		Debug|Any CPU = Debug|Any CPU
		Release|Any CPU = Release|Any CPU
	EndGlobalSection
	GlobalSection(ProjectConfigurationPlatforms) = postSolution
		{5678E0ED-3B57-43EE-BC96-7D1D2CF9EFEE}.Debug|Any CPU.ActiveCfg = Debug|Any CPU
		{5678E0ED-3B57-43EE-BC96-7D1D2CF9EFEE}.Debug|Any CPU.Build.0 = Debug|Any CPU
		{5678E0ED-3B57-43EE-BC96-7D1D2CF9EFEE}.Release|Any CPU.ActiveCfg = Release|Any CPU
		{5678E0ED-3B57-43EE-BC96-7D1D2CF9EFEE}.Release|Any CPU.Build.0 = Release|Any CPU
	EndGlobalSection
	GlobalSection(SolutionProperties) = preSolution
		HideSolutionNode = FALSE
	EndGlobalSection
	GlobalSection(ExtensibilityGlobals) = postSolution
		SolutionGuid = {7ED71593-ED88-4A69-9726-99EA8C5921B7}
	EndGlobalSection
EndGlobal
